// !$*UTF8*$!
{
	archiveVersion = 1;
	classes = {
	};
	objectVersion = 56;
	objects = {

/* Begin PBXBuildFile section */
		BE63C29C2A1C3F3700746C9A /* FavoriteArtistFeatureReducer.swift in Sources */ = {isa = PBXBuildFile; fileRef = BE63C29B2A1C3F3700746C9A /* FavoriteArtistFeatureReducer.swift */; };
		BE63C29F2A1C3FBE00746C9A /* ComposableArchitecture in Frameworks */ = {isa = PBXBuildFile; productRef = BE63C29E2A1C3FBE00746C9A /* ComposableArchitecture */; };
		BE63C2A12A1C7ABD00746C9A /* FavoriteButtonView.swift in Sources */ = {isa = PBXBuildFile; fileRef = BE63C2A02A1C7ABD00746C9A /* FavoriteButtonView.swift */; };
		BEA5351429C2B40700F85CBD /* MusicPlayerApp.swift in Sources */ = {isa = PBXBuildFile; fileRef = BEA5351329C2B40700F85CBD /* MusicPlayerApp.swift */; };
		BEA5351629C2B40700F85CBD /* ContentView.swift in Sources */ = {isa = PBXBuildFile; fileRef = BEA5351529C2B40700F85CBD /* ContentView.swift */; };
		BEA5351829C2B40B00F85CBD /* Assets.xcassets in Resources */ = {isa = PBXBuildFile; fileRef = BEA5351729C2B40B00F85CBD /* Assets.xcassets */; };
		BEA5352529C2B40B00F85CBD /* MusicPlayerTests.swift in Sources */ = {isa = PBXBuildFile; fileRef = BEA5352429C2B40B00F85CBD /* MusicPlayerTests.swift */; };
		BEA5352F29C2B40B00F85CBD /* MusicPlayerUITests.swift in Sources */ = {isa = PBXBuildFile; fileRef = BEA5352E29C2B40B00F85CBD /* MusicPlayerUITests.swift */; };
		BEA5353129C2B40B00F85CBD /* MusicPlayerUITestsLaunchTests.swift in Sources */ = {isa = PBXBuildFile; fileRef = BEA5353029C2B40B00F85CBD /* MusicPlayerUITestsLaunchTests.swift */; };
		BEA5354029C2B6B500F85CBD /* MusicPlaylist.swift in Sources */ = {isa = PBXBuildFile; fileRef = BEA5353F29C2B6B500F85CBD /* MusicPlaylist.swift */; };
		BEA5354229C2BE9000F85CBD /* MusicPlayerSubViews.swift in Sources */ = {isa = PBXBuildFile; fileRef = BEA5354129C2BE9000F85CBD /* MusicPlayerSubViews.swift */; };
/* End PBXBuildFile section */

/* Begin PBXContainerItemProxy section */
		BEA5352129C2B40B00F85CBD /* PBXContainerItemProxy */ = {
			isa = PBXContainerItemProxy;
			containerPortal = BEA5350829C2B40700F85CBD /* Project object */;
			proxyType = 1;
			remoteGlobalIDString = BEA5350F29C2B40700F85CBD;
			remoteInfo = MusicPlayer;
		};
		BEA5352B29C2B40B00F85CBD /* PBXContainerItemProxy */ = {
			isa = PBXContainerItemProxy;
			containerPortal = BEA5350829C2B40700F85CBD /* Project object */;
			proxyType = 1;
			remoteGlobalIDString = BEA5350F29C2B40700F85CBD;
			remoteInfo = MusicPlayer;
		};
/* End PBXContainerItemProxy section */

/* Begin PBXFileReference section */
		BE63C29B2A1C3F3700746C9A /* FavoriteArtistFeatureReducer.swift */ = {isa = PBXFileReference; lastKnownFileType = sourcecode.swift; path = FavoriteArtistFeatureReducer.swift; sourceTree = "<group>"; };
		BE63C2A02A1C7ABD00746C9A /* FavoriteButtonView.swift */ = {isa = PBXFileReference; lastKnownFileType = sourcecode.swift; path = FavoriteButtonView.swift; sourceTree = "<group>"; };
		BEA5351029C2B40700F85CBD /* MusicPlayer.app */ = {isa = PBXFileReference; explicitFileType = wrapper.application; includeInIndex = 0; path = MusicPlayer.app; sourceTree = BUILT_PRODUCTS_DIR; };
		BEA5351329C2B40700F85CBD /* MusicPlayerApp.swift */ = {isa = PBXFileReference; lastKnownFileType = sourcecode.swift; path = MusicPlayerApp.swift; sourceTree = "<group>"; };
		BEA5351529C2B40700F85CBD /* ContentView.swift */ = {isa = PBXFileReference; lastKnownFileType = sourcecode.swift; path = ContentView.swift; sourceTree = "<group>"; };
		BEA5351729C2B40B00F85CBD /* Assets.xcassets */ = {isa = PBXFileReference; lastKnownFileType = folder.assetcatalog; path = Assets.xcassets; sourceTree = "<group>"; };
		BEA5352029C2B40B00F85CBD /* MusicPlayerTests.xctest */ = {isa = PBXFileReference; explicitFileType = wrapper.cfbundle; includeInIndex = 0; path = MusicPlayerTests.xctest; sourceTree = BUILT_PRODUCTS_DIR; };
		BEA5352429C2B40B00F85CBD /* MusicPlayerTests.swift */ = {isa = PBXFileReference; lastKnownFileType = sourcecode.swift; path = MusicPlayerTests.swift; sourceTree = "<group>"; };
		BEA5352A29C2B40B00F85CBD /* MusicPlayerUITests.xctest */ = {isa = PBXFileReference; explicitFileType = wrapper.cfbundle; includeInIndex = 0; path = MusicPlayerUITests.xctest; sourceTree = BUILT_PRODUCTS_DIR; };
		BEA5352E29C2B40B00F85CBD /* MusicPlayerUITests.swift */ = {isa = PBXFileReference; lastKnownFileType = sourcecode.swift; path = MusicPlayerUITests.swift; sourceTree = "<group>"; };
		BEA5353029C2B40B00F85CBD /* MusicPlayerUITestsLaunchTests.swift */ = {isa = PBXFileReference; lastKnownFileType = sourcecode.swift; path = MusicPlayerUITestsLaunchTests.swift; sourceTree = "<group>"; };
		BEA5353F29C2B6B500F85CBD /* MusicPlaylist.swift */ = {isa = PBXFileReference; lastKnownFileType = sourcecode.swift; path = MusicPlaylist.swift; sourceTree = "<group>"; };
		BEA5354129C2BE9000F85CBD /* MusicPlayerSubViews.swift */ = {isa = PBXFileReference; lastKnownFileType = sourcecode.swift; path = MusicPlayerSubViews.swift; sourceTree = "<group>"; };
/* End PBXFileReference section */

/* Begin PBXFrameworksBuildPhase section */
		BEA5350D29C2B40700F85CBD /* Frameworks */ = {
			isa = PBXFrameworksBuildPhase;
			buildActionMask = 2147483647;
			files = (
				BE63C29F2A1C3FBE00746C9A /* ComposableArchitecture in Frameworks */,
			);
			runOnlyForDeploymentPostprocessing = 0;
		};
		BEA5351D29C2B40B00F85CBD /* Frameworks */ = {
			isa = PBXFrameworksBuildPhase;
			buildActionMask = 2147483647;
			files = (
			);
			runOnlyForDeploymentPostprocessing = 0;
		};
		BEA5352729C2B40B00F85CBD /* Frameworks */ = {
			isa = PBXFrameworksBuildPhase;
			buildActionMask = 2147483647;
			files = (
			);
			runOnlyForDeploymentPostprocessing = 0;
		};
/* End PBXFrameworksBuildPhase section */

/* Begin PBXGroup section */
		BEA5350729C2B40700F85CBD = {
			isa = PBXGroup;
			children = (
				BEA5351229C2B40700F85CBD /* MusicPlayer */,
				BEA5352329C2B40B00F85CBD /* MusicPlayerTests */,
				BEA5352D29C2B40B00F85CBD /* MusicPlayerUITests */,
				BEA5351129C2B40700F85CBD /* Products */,
			);
			sourceTree = "<group>";
		};
		BEA5351129C2B40700F85CBD /* Products */ = {
			isa = PBXGroup;
			children = (
				BEA5351029C2B40700F85CBD /* MusicPlayer.app */,
				BEA5352029C2B40B00F85CBD /* MusicPlayerTests.xctest */,
				BEA5352A29C2B40B00F85CBD /* MusicPlayerUITests.xctest */,
			);
			name = Products;
			sourceTree = "<group>";
		};
		BEA5351229C2B40700F85CBD /* MusicPlayer */ = {
			isa = PBXGroup;
			children = (
				BEA5351329C2B40700F85CBD /* MusicPlayerApp.swift */,
				BEA5351529C2B40700F85CBD /* ContentView.swift */,
				BEA5351729C2B40B00F85CBD /* Assets.xcassets */,
				BEA5353F29C2B6B500F85CBD /* MusicPlaylist.swift */,
				BEA5354129C2BE9000F85CBD /* MusicPlayerSubViews.swift */,
				BE63C29B2A1C3F3700746C9A /* FavoriteArtistFeatureReducer.swift */,
				BE63C2A02A1C7ABD00746C9A /* FavoriteButtonView.swift */,
			);
			path = MusicPlayer;
			sourceTree = "<group>";
		};
		BEA5352329C2B40B00F85CBD /* MusicPlayerTests */ = {
			isa = PBXGroup;
			children = (
				BEA5352429C2B40B00F85CBD /* MusicPlayerTests.swift */,
			);
			path = MusicPlayerTests;
			sourceTree = "<group>";
		};
		BEA5352D29C2B40B00F85CBD /* MusicPlayerUITests */ = {
			isa = PBXGroup;
			children = (
				BEA5352E29C2B40B00F85CBD /* MusicPlayerUITests.swift */,
				BEA5353029C2B40B00F85CBD /* MusicPlayerUITestsLaunchTests.swift */,
			);
			path = MusicPlayerUITests;
			sourceTree = "<group>";
		};
/* End PBXGroup section */

/* Begin PBXNativeTarget section */
		BEA5350F29C2B40700F85CBD /* MusicPlayer */ = {
			isa = PBXNativeTarget;
			buildConfigurationList = BEA5353429C2B40B00F85CBD /* Build configuration list for PBXNativeTarget "MusicPlayer" */;
			buildPhases = (
				BEA5350C29C2B40700F85CBD /* Sources */,
				BEA5350D29C2B40700F85CBD /* Frameworks */,
				BEA5350E29C2B40700F85CBD /* Resources */,
			);
			buildRules = (
			);
			dependencies = (
			);
			name = MusicPlayer;
			packageProductDependencies = (
				BE63C29E2A1C3FBE00746C9A /* ComposableArchitecture */,
			);
			productName = MusicPlayer;
			productReference = BEA5351029C2B40700F85CBD /* MusicPlayer.app */;
			productType = "com.apple.product-type.application";
		};
		BEA5351F29C2B40B00F85CBD /* MusicPlayerTests */ = {
			isa = PBXNativeTarget;
			buildConfigurationList = BEA5353729C2B40B00F85CBD /* Build configuration list for PBXNativeTarget "MusicPlayerTests" */;
			buildPhases = (
				BEA5351C29C2B40B00F85CBD /* Sources */,
				BEA5351D29C2B40B00F85CBD /* Frameworks */,
				BEA5351E29C2B40B00F85CBD /* Resources */,
			);
			buildRules = (
			);
			dependencies = (
				BEA5352229C2B40B00F85CBD /* PBXTargetDependency */,
			);
			name = MusicPlayerTests;
			productName = MusicPlayerTests;
			productReference = BEA5352029C2B40B00F85CBD /* MusicPlayerTests.xctest */;
			productType = "com.apple.product-type.bundle.unit-test";
		};
		BEA5352929C2B40B00F85CBD /* MusicPlayerUITests */ = {
			isa = PBXNativeTarget;
			buildConfigurationList = BEA5353A29C2B40B00F85CBD /* Build configuration list for PBXNativeTarget "MusicPlayerUITests" */;
			buildPhases = (
				BEA5352629C2B40B00F85CBD /* Sources */,
				BEA5352729C2B40B00F85CBD /* Frameworks */,
				BEA5352829C2B40B00F85CBD /* Resources */,
			);
			buildRules = (
			);
			dependencies = (
				BEA5352C29C2B40B00F85CBD /* PBXTargetDependency */,
			);
			name = MusicPlayerUITests;
			productName = MusicPlayerUITests;
			productReference = BEA5352A29C2B40B00F85CBD /* MusicPlayerUITests.xctest */;
			productType = "com.apple.product-type.bundle.ui-testing";
		};
/* End PBXNativeTarget section */

/* Begin PBXProject section */
		BEA5350829C2B40700F85CBD /* Project object */ = {
			isa = PBXProject;
			attributes = {
				BuildIndependentTargetsInParallel = 1;
				LastSwiftUpdateCheck = 1420;
				LastUpgradeCheck = 1420;
				TargetAttributes = {
					BEA5350F29C2B40700F85CBD = {
						CreatedOnToolsVersion = 14.2;
					};
					BEA5351F29C2B40B00F85CBD = {
						CreatedOnToolsVersion = 14.2;
						TestTargetID = BEA5350F29C2B40700F85CBD;
					};
					BEA5352929C2B40B00F85CBD = {
						CreatedOnToolsVersion = 14.2;
						TestTargetID = BEA5350F29C2B40700F85CBD;
					};
				};
			};
			buildConfigurationList = BEA5350B29C2B40700F85CBD /* Build configuration list for PBXProject "MusicPlayer" */;
			compatibilityVersion = "Xcode 14.0";
			developmentRegion = en;
			hasScannedForEncodings = 0;
			knownRegions = (
				en,
				Base,
			);
			mainGroup = BEA5350729C2B40700F85CBD;
			packageReferences = (
				BE63C29D2A1C3FBE00746C9A /* XCRemoteSwiftPackageReference "swift-composable-architecture" */,
			);
			productRefGroup = BEA5351129C2B40700F85CBD /* Products */;
			projectDirPath = "";
			projectRoot = "";
			targets = (
				BEA5350F29C2B40700F85CBD /* MusicPlayer */,
				BEA5351F29C2B40B00F85CBD /* MusicPlayerTests */,
				BEA5352929C2B40B00F85CBD /* MusicPlayerUITests */,
			);
		};
/* End PBXProject section */

/* Begin PBXResourcesBuildPhase section */
		BEA5350E29C2B40700F85CBD /* Resources */ = {
			isa = PBXResourcesBuildPhase;
			buildActionMask = 2147483647;
			files = (
				BEA5351829C2B40B00F85CBD /* Assets.xcassets in Resources */,
			);
			runOnlyForDeploymentPostprocessing = 0;
		};
		BEA5351E29C2B40B00F85CBD /* Resources */ = {
			isa = PBXResourcesBuildPhase;
			buildActionMask = 2147483647;
			files = (
			);
			runOnlyForDeploymentPostprocessing = 0;
		};
		BEA5352829C2B40B00F85CBD /* Resources */ = {
			isa = PBXResourcesBuildPhase;
			buildActionMask = 2147483647;
			files = (
			);
			runOnlyForDeploymentPostprocessing = 0;
		};
/* End PBXResourcesBuildPhase section */

/* Begin PBXSourcesBuildPhase section */
		BEA5350C29C2B40700F85CBD /* Sources */ = {
			isa = PBXSourcesBuildPhase;
			buildActionMask = 2147483647;
			files = (
				BEA5354029C2B6B500F85CBD /* MusicPlaylist.swift in Sources */,
				BEA5351629C2B40700F85CBD /* ContentView.swift in Sources */,
				BEA5354229C2BE9000F85CBD /* MusicPlayerSubViews.swift in Sources */,
				BE63C29C2A1C3F3700746C9A /* FavoriteArtistFeatureReducer.swift in Sources */,
				BE63C2A12A1C7ABD00746C9A /* FavoriteButtonView.swift in Sources */,
				BEA5351429C2B40700F85CBD /* MusicPlayerApp.swift in Sources */,
			);
			runOnlyForDeploymentPostprocessing = 0;
		};
		BEA5351C29C2B40B00F85CBD /* Sources */ = {
			isa = PBXSourcesBuildPhase;
			buildActionMask = 2147483647;
			files = (
				BEA5352529C2B40B00F85CBD /* MusicPlayerTests.swift in Sources */,
			);
			runOnlyForDeploymentPostprocessing = 0;
		};
		BEA5352629C2B40B00F85CBD /* Sources */ = {
			isa = PBXSourcesBuildPhase;
			buildActionMask = 2147483647;
			files = (
				BEA5352F29C2B40B00F85CBD /* MusicPlayerUITests.swift in Sources */,
				BEA5353129C2B40B00F85CBD /* MusicPlayerUITestsLaunchTests.swift in Sources */,
			);
			runOnlyForDeploymentPostprocessing = 0;
		};
/* End PBXSourcesBuildPhase section */

/* Begin PBXTargetDependency section */
		BEA5352229C2B40B00F85CBD /* PBXTargetDependency */ = {
			isa = PBXTargetDependency;
			target = BEA5350F29C2B40700F85CBD /* MusicPlayer */;
			targetProxy = BEA5352129C2B40B00F85CBD /* PBXContainerItemProxy */;
		};
		BEA5352C29C2B40B00F85CBD /* PBXTargetDependency */ = {
			isa = PBXTargetDependency;
			target = BEA5350F29C2B40700F85CBD /* MusicPlayer */;
			targetProxy = BEA5352B29C2B40B00F85CBD /* PBXContainerItemProxy */;
		};
/* End PBXTargetDependency section */

/* Begin XCBuildConfiguration section */
		BEA5353229C2B40B00F85CBD /* Debug */ = {
			isa = XCBuildConfiguration;
			buildSettings = {
				ALWAYS_SEARCH_USER_PATHS = NO;
				CLANG_ANALYZER_NONNULL = YES;
				CLANG_ANALYZER_NUMBER_OBJECT_CONVERSION = YES_AGGRESSIVE;
				CLANG_CXX_LANGUAGE_STANDARD = "gnu++20";
				CLANG_ENABLE_MODULES = YES;
				CLANG_ENABLE_OBJC_ARC = YES;
				CLANG_ENABLE_OBJC_WEAK = YES;
				CLANG_WARN_BLOCK_CAPTURE_AUTORELEASING = YES;
				CLANG_WARN_BOOL_CONVERSION = YES;
				CLANG_WARN_COMMA = YES;
				CLANG_WARN_CONSTANT_CONVERSION = YES;
				CLANG_WARN_DEPRECATED_OBJC_IMPLEMENTATIONS = YES;
				CLANG_WARN_DIRECT_OBJC_ISA_USAGE = YES_ERROR;
				CLANG_WARN_DOCUMENTATION_COMMENTS = YES;
				CLANG_WARN_EMPTY_BODY = YES;
				CLANG_WARN_ENUM_CONVERSION = YES;
				CLANG_WARN_INFINITE_RECURSION = YES;
				CLANG_WARN_INT_CONVERSION = YES;
				CLANG_WARN_NON_LITERAL_NULL_CONVERSION = YES;
				CLANG_WARN_OBJC_IMPLICIT_RETAIN_SELF = YES;
				CLANG_WARN_OBJC_LITERAL_CONVERSION = YES;
				CLANG_WARN_OBJC_ROOT_CLASS = YES_ERROR;
				CLANG_WARN_QUOTED_INCLUDE_IN_FRAMEWORK_HEADER = YES;
				CLANG_WARN_RANGE_LOOP_ANALYSIS = YES;
				CLANG_WARN_STRICT_PROTOTYPES = YES;
				CLANG_WARN_SUSPICIOUS_MOVE = YES;
				CLANG_WARN_UNGUARDED_AVAILABILITY = YES_AGGRESSIVE;
				CLANG_WARN_UNREACHABLE_CODE = YES;
				CLANG_WARN__DUPLICATE_METHOD_MATCH = YES;
				COPY_PHASE_STRIP = NO;
				DEBUG_INFORMATION_FORMAT = dwarf;
				ENABLE_STRICT_OBJC_MSGSEND = YES;
				ENABLE_TESTABILITY = YES;
				GCC_C_LANGUAGE_STANDARD = gnu11;
				GCC_DYNAMIC_NO_PIC = NO;
				GCC_NO_COMMON_BLOCKS = YES;
				GCC_OPTIMIZATION_LEVEL = 0;
				GCC_PREPROCESSOR_DEFINITIONS = (
					"DEBUG=1",
					"$(inherited)",
				);
				GCC_WARN_64_TO_32_BIT_CONVERSION = YES;
				GCC_WARN_ABOUT_RETURN_TYPE = YES_ERROR;
				GCC_WARN_UNDECLARED_SELECTOR = YES;
				GCC_WARN_UNINITIALIZED_AUTOS = YES_AGGRESSIVE;
				GCC_WARN_UNUSED_FUNCTION = YES;
				GCC_WARN_UNUSED_VARIABLE = YES;
				IPHONEOS_DEPLOYMENT_TARGET = 16.2;
				MTL_ENABLE_DEBUG_INFO = INCLUDE_SOURCE;
				MTL_FAST_MATH = YES;
				ONLY_ACTIVE_ARCH = YES;
				SDKROOT = iphoneos;
				SWIFT_ACTIVE_COMPILATION_CONDITIONS = DEBUG;
				SWIFT_OPTIMIZATION_LEVEL = "-Onone";
			};
			name = Debug;
		};
		BEA5353329C2B40B00F85CBD /* Release */ = {
			isa = XCBuildConfiguration;
			buildSettings = {
				ALWAYS_SEARCH_USER_PATHS = NO;
				CLANG_ANALYZER_NONNULL = YES;
				CLANG_ANALYZER_NUMBER_OBJECT_CONVERSION = YES_AGGRESSIVE;
				CLANG_CXX_LANGUAGE_STANDARD = "gnu++20";
				CLANG_ENABLE_MODULES = YES;
				CLANG_ENABLE_OBJC_ARC = YES;
				CLANG_ENABLE_OBJC_WEAK = YES;
				CLANG_WARN_BLOCK_CAPTURE_AUTORELEASING = YES;
				CLANG_WARN_BOOL_CONVERSION = YES;
				CLANG_WARN_COMMA = YES;
				CLANG_WARN_CONSTANT_CONVERSION = YES;
				CLANG_WARN_DEPRECATED_OBJC_IMPLEMENTATIONS = YES;
				CLANG_WARN_DIRECT_OBJC_ISA_USAGE = YES_ERROR;
				CLANG_WARN_DOCUMENTATION_COMMENTS = YES;
				CLANG_WARN_EMPTY_BODY = YES;
				CLANG_WARN_ENUM_CONVERSION = YES;
				CLANG_WARN_INFINITE_RECURSION = YES;
				CLANG_WARN_INT_CONVERSION = YES;
				CLANG_WARN_NON_LITERAL_NULL_CONVERSION = YES;
				CLANG_WARN_OBJC_IMPLICIT_RETAIN_SELF = YES;
				CLANG_WARN_OBJC_LITERAL_CONVERSION = YES;
				CLANG_WARN_OBJC_ROOT_CLASS = YES_ERROR;
				CLANG_WARN_QUOTED_INCLUDE_IN_FRAMEWORK_HEADER = YES;
				CLANG_WARN_RANGE_LOOP_ANALYSIS = YES;
				CLANG_WARN_STRICT_PROTOTYPES = YES;
				CLANG_WARN_SUSPICIOUS_MOVE = YES;
				CLANG_WARN_UNGUARDED_AVAILABILITY = YES_AGGRESSIVE;
				CLANG_WARN_UNREACHABLE_CODE = YES;
				CLANG_WARN__DUPLICATE_METHOD_MATCH = YES;
				COPY_PHASE_STRIP = NO;
				DEBUG_INFORMATION_FORMAT = "dwarf-with-dsym";
				ENABLE_NS_ASSERTIONS = NO;
				ENABLE_STRICT_OBJC_MSGSEND = YES;
				GCC_C_LANGUAGE_STANDARD = gnu11;
				GCC_NO_COMMON_BLOCKS = YES;
				GCC_WARN_64_TO_32_BIT_CONVERSION = YES;
				GCC_WARN_ABOUT_RETURN_TYPE = YES_ERROR;
				GCC_WARN_UNDECLARED_SELECTOR = YES;
				GCC_WARN_UNINITIALIZED_AUTOS = YES_AGGRESSIVE;
				GCC_WARN_UNUSED_FUNCTION = YES;
				GCC_WARN_UNUSED_VARIABLE = YES;
				IPHONEOS_DEPLOYMENT_TARGET = 16.2;
				MTL_ENABLE_DEBUG_INFO = NO;
				MTL_FAST_MATH = YES;
				SDKROOT = iphoneos;
				SWIFT_COMPILATION_MODE = wholemodule;
				SWIFT_OPTIMIZATION_LEVEL = "-O";
				VALIDATE_PRODUCT = YES;
			};
			name = Release;
		};
		BEA5353529C2B40B00F85CBD /* Debug */ = {
			isa = XCBuildConfiguration;
			buildSettings = {
				ASSETCATALOG_COMPILER_APPICON_NAME = AppIcon;
				ASSETCATALOG_COMPILER_GLOBAL_ACCENT_COLOR_NAME = AccentColor;
				CODE_SIGN_STYLE = Automatic;
				CURRENT_PROJECT_VERSION = 1;
				DEVELOPMENT_ASSET_PATHS = "\"MusicPlayer/Preview Content\"";
				DEVELOPMENT_TEAM = LNMT6HU2C7;
				ENABLE_PREVIEWS = YES;
				GENERATE_INFOPLIST_FILE = YES;
				INFOPLIST_KEY_UIApplicationSceneManifest_Generation = YES;
				INFOPLIST_KEY_UIApplicationSupportsIndirectInputEvents = YES;
				INFOPLIST_KEY_UILaunchScreen_Generation = YES;
				INFOPLIST_KEY_UISupportedInterfaceOrientations_iPad = "UIInterfaceOrientationPortrait UIInterfaceOrientationPortraitUpsideDown UIInterfaceOrientationLandscapeLeft UIInterfaceOrientationLandscapeRight";
				INFOPLIST_KEY_UISupportedInterfaceOrientations_iPhone = "UIInterfaceOrientationPortrait UIInterfaceOrientationLandscapeLeft UIInterfaceOrientationLandscapeRight";
				LD_RUNPATH_SEARCH_PATHS = (
					"$(inherited)",
					"@executable_path/Frameworks",
				);
				MARKETING_VERSION = 1.0;
				PRODUCT_BUNDLE_IDENTIFIER = com.Geo.MusicPlayer;
				PRODUCT_NAME = "$(TARGET_NAME)";
				SWIFT_EMIT_LOC_STRINGS = YES;
				SWIFT_VERSION = 5.0;
				TARGETED_DEVICE_FAMILY = "1,2";
			};
			name = Debug;
		};
		BEA5353629C2B40B00F85CBD /* Release */ = {
			isa = XCBuildConfiguration;
			buildSettings = {
				ASSETCATALOG_COMPILER_APPICON_NAME = AppIcon;
				ASSETCATALOG_COMPILER_GLOBAL_ACCENT_COLOR_NAME = AccentColor;
				CODE_SIGN_STYLE = Automatic;
				CURRENT_PROJECT_VERSION = 1;
				DEVELOPMENT_ASSET_PATHS = "\"MusicPlayer/Preview Content\"";
				DEVELOPMENT_TEAM = LNMT6HU2C7;
				ENABLE_PREVIEWS = YES;
				GENERATE_INFOPLIST_FILE = YES;
				INFOPLIST_KEY_UIApplicationSceneManifest_Generation = YES;
				INFOPLIST_KEY_UIApplicationSupportsIndirectInputEvents = YES;
				INFOPLIST_KEY_UILaunchScreen_Generation = YES;
				INFOPLIST_KEY_UISupportedInterfaceOrientations_iPad = "UIInterfaceOrientationPortrait UIInterfaceOrientationPortraitUpsideDown UIInterfaceOrientationLandscapeLeft UIInterfaceOrientationLandscapeRight";
				INFOPLIST_KEY_UISupportedInterfaceOrientations_iPhone = "UIInterfaceOrientationPortrait UIInterfaceOrientationLandscapeLeft UIInterfaceOrientationLandscapeRight";
				LD_RUNPATH_SEARCH_PATHS = (
					"$(inherited)",
					"@executable_path/Frameworks",
				);
				MARKETING_VERSION = 1.0;
				PRODUCT_BUNDLE_IDENTIFIER = com.Geo.MusicPlayer;
				PRODUCT_NAME = "$(TARGET_NAME)";
				SWIFT_EMIT_LOC_STRINGS = YES;
				SWIFT_VERSION = 5.0;
				TARGETED_DEVICE_FAMILY = "1,2";
			};
			name = Release;
		};
		BEA5353829C2B40B00F85CBD /* Debug */ = {
			isa = XCBuildConfiguration;
			buildSettings = {
				ALWAYS_EMBED_SWIFT_STANDARD_LIBRARIES = YES;
				BUNDLE_LOADER = "$(TEST_HOST)";
				CODE_SIGN_STYLE = Automatic;
				CURRENT_PROJECT_VERSION = 1;
				DEVELOPMENT_TEAM = LNMT6HU2C7;
				GENERATE_INFOPLIST_FILE = YES;
				IPHONEOS_DEPLOYMENT_TARGET = 16.2;
				MARKETING_VERSION = 1.0;
				PRODUCT_BUNDLE_IDENTIFIER = com.Geo.MusicPlayerTests;
				PRODUCT_NAME = "$(TARGET_NAME)";
				SWIFT_EMIT_LOC_STRINGS = NO;
				SWIFT_VERSION = 5.0;
				TARGETED_DEVICE_FAMILY = "1,2";
				TEST_HOST = "$(BUILT_PRODUCTS_DIR)/MusicPlayer.app/$(BUNDLE_EXECUTABLE_FOLDER_PATH)/MusicPlayer";
			};
			name = Debug;
		};
		BEA5353929C2B40B00F85CBD /* Release */ = {
			isa = XCBuildConfiguration;
			buildSettings = {
				ALWAYS_EMBED_SWIFT_STANDARD_LIBRARIES = YES;
				BUNDLE_LOADER = "$(TEST_HOST)";
				CODE_SIGN_STYLE = Automatic;
				CURRENT_PROJECT_VERSION = 1;
				DEVELOPMENT_TEAM = LNMT6HU2C7;
				GENERATE_INFOPLIST_FILE = YES;
				IPHONEOS_DEPLOYMENT_TARGET = 16.2;
				MARKETING_VERSION = 1.0;
				PRODUCT_BUNDLE_IDENTIFIER = com.Geo.MusicPlayerTests;
				PRODUCT_NAME = "$(TARGET_NAME)";
				SWIFT_EMIT_LOC_STRINGS = NO;
				SWIFT_VERSION = 5.0;
				TARGETED_DEVICE_FAMILY = "1,2";
				TEST_HOST = "$(BUILT_PRODUCTS_DIR)/MusicPlayer.app/$(BUNDLE_EXECUTABLE_FOLDER_PATH)/MusicPlayer";
			};
			name = Release;
		};
		BEA5353B29C2B40B00F85CBD /* Debug */ = {
			isa = XCBuildConfiguration;
			buildSettings = {
				ALWAYS_EMBED_SWIFT_STANDARD_LIBRARIES = YES;
				CODE_SIGN_STYLE = Automatic;
				CURRENT_PROJECT_VERSION = 1;
				DEVELOPMENT_TEAM = LNMT6HU2C7;
				GENERATE_INFOPLIST_FILE = YES;
				MARKETING_VERSION = 1.0;
				PRODUCT_BUNDLE_IDENTIFIER = com.Geo.MusicPlayerUITests;
				PRODUCT_NAME = "$(TARGET_NAME)";
				SWIFT_EMIT_LOC_STRINGS = NO;
				SWIFT_VERSION = 5.0;
				TARGETED_DEVICE_FAMILY = "1,2";
				TEST_TARGET_NAME = MusicPlayer;
			};
			name = Debug;
		};
		BEA5353C29C2B40B00F85CBD /* Release */ = {
			isa = XCBuildConfiguration;
			buildSettings = {
				ALWAYS_EMBED_SWIFT_STANDARD_LIBRARIES = YES;
				CODE_SIGN_STYLE = Automatic;
				CURRENT_PROJECT_VERSION = 1;
				DEVELOPMENT_TEAM = LNMT6HU2C7;
				GENERATE_INFOPLIST_FILE = YES;
				MARKETING_VERSION = 1.0;
				PRODUCT_BUNDLE_IDENTIFIER = com.Geo.MusicPlayerUITests;
				PRODUCT_NAME = "$(TARGET_NAME)";
				SWIFT_EMIT_LOC_STRINGS = NO;
				SWIFT_VERSION = 5.0;
				TARGETED_DEVICE_FAMILY = "1,2";
				TEST_TARGET_NAME = MusicPlayer;
			};
			name = Release;
		};
/* End XCBuildConfiguration section */

/* Begin XCConfigurationList section */
		BEA5350B29C2B40700F85CBD /* Build configuration list for PBXProject "MusicPlayer" */ = {
			isa = XCConfigurationList;
			buildConfigurations = (
				BEA5353229C2B40B00F85CBD /* Debug */,
				BEA5353329C2B40B00F85CBD /* Release */,
			);
			defaultConfigurationIsVisible = 0;
			defaultConfigurationName = Release;
		};
		BEA5353429C2B40B00F85CBD /* Build configuration list for PBXNativeTarget "MusicPlayer" */ = {
			isa = XCConfigurationList;
			buildConfigurations = (
				BEA5353529C2B40B00F85CBD /* Debug */,
				BEA5353629C2B40B00F85CBD /* Release */,
			);
			defaultConfigurationIsVisible = 0;
			defaultConfigurationName = Release;
		};
		BEA5353729C2B40B00F85CBD /* Build configuration list for PBXNativeTarget "MusicPlayerTests" */ = {
			isa = XCConfigurationList;
			buildConfigurations = (
				BEA5353829C2B40B00F85CBD /* Debug */,
				BEA5353929C2B40B00F85CBD /* Release */,
			);
			defaultConfigurationIsVisible = 0;
			defaultConfigurationName = Release;
		};
		BEA5353A29C2B40B00F85CBD /* Build configuration list for PBXNativeTarget "MusicPlayerUITests" */ = {
			isa = XCConfigurationList;
			buildConfigurations = (
				BEA5353B29C2B40B00F85CBD /* Debug */,
				BEA5353C29C2B40B00F85CBD /* Release */,
			);
			defaultConfigurationIsVisible = 0;
			defaultConfigurationName = Release;
		};
/* End XCConfigurationList section */

/* Begin XCRemoteSwiftPackageReference section */
		BE63C29D2A1C3FBE00746C9A /* XCRemoteSwiftPackageReference "swift-composable-architecture" */ = {
			isa = XCRemoteSwiftPackageReference;
			repositoryURL = "https://github.com/pointfreeco/swift-composable-architecture.git";
			requirement = {
				branch = main;
				kind = branch;
			};
		};
/* End XCRemoteSwiftPackageReference section */

/* Begin XCSwiftPackageProductDependency section */
		BE63C29E2A1C3FBE00746C9A /* ComposableArchitecture */ = {
			isa = XCSwiftPackageProductDependency;
			package = BE63C29D2A1C3FBE00746C9A /* XCRemoteSwiftPackageReference "swift-composable-architecture" */;
			productName = ComposableArchitecture;
		};
/* End XCSwiftPackageProductDependency section */
	};
	rootObject = BEA5350829C2B40700F85CBD /* Project object */;
}
